<?xml version="1.0" encoding="utf-8"?>
<Project ToolsVersion="4.0" xmlns="http://schemas.microsoft.com/developer/msbuild/2003">
  <ItemGroup>
    <Filter Include="Source Files">
      <UniqueIdentifier>{4FC737F1-C7A5-4376-A066-2A32D752A2FF}</UniqueIdentifier>
      <Extensions>cpp;c;cc;cxx;c++;def;odl;idl;hpj;bat;asm;asmx</Extensions>
    </Filter>
    <Filter Include="Header Files">
      <UniqueIdentifier>{93995380-89BD-4b04-88EB-625FBE52EBFB}</UniqueIdentifier>
      <Extensions>h;hh;hpp;hxx;h++;hm;inl;inc;ipp;xsd</Extensions>
    </Filter>
    <Filter Include="Resource Files">
      <UniqueIdentifier>{67DA6AB6-F800-4c08-8B7A-83BB121AAD01}</UniqueIdentifier>
      <Extensions>rc;ico;cur;bmp;dlg;rc2;rct;bin;rgs;gif;jpg;jpeg;jpe;resx;tiff;tif;png;wav;mfcribbon-ms</Extensions>
    </Filter>
  </ItemGroup>
  <ItemGroup>
    <ClCompile Include="Umi.cpp">
      <Filter>Source Files</Filter>
    </ClCompile>
    <ClCompile Include="github.com\improbable\protoc-gen-gocli\cli.pb.cc">
      <Filter>Source Files</Filter>
    </ClCompile>
    <ClCompile Include="github.com\improbable-io\go-proto-logfields\logfields.pb.cc">
      <Filter>Source Files</Filter>
    </ClCompile>
    <ClCompile Include="github.com\mwitkow\go-proto-validators\validator.pb.cc">
      <Filter>Source Files</Filter>
    </ClCompile>
    <ClCompile Include="google\api\annotations.pb.cc">
      <Filter>Source Files</Filter>
    </ClCompile>
    <ClCompile Include="google\api\client.pb.cc">
      <Filter>Source Files</Filter>
    </ClCompile>
    <ClCompile Include="google\api\field_behavior.pb.cc">
      <Filter>Source Files</Filter>
    </ClCompile>
    <ClCompile Include="google\api\http.pb.cc">
      <Filter>Source Files</Filter>
    </ClCompile>
    <ClCompile Include="google\longrunning\operations.pb.cc">
      <Filter>Source Files</Filter>
    </ClCompile>
    <ClCompile Include="google\rpc\status.pb.cc">
      <Filter>Source Files</Filter>
    </ClCompile>
    <ClCompile Include="improbable\ext\plugin\auth\perms.pb.cc">
      <Filter>Source Files</Filter>
    </ClCompile>
    <ClCompile Include="improbable\spatialos\deployment\v1alpha1\deployment.grpc.pb.cc">
      <Filter>Source Files</Filter>
    </ClCompile>
    <ClCompile Include="improbable\spatialos\deployment\v1alpha1\deployment.pb.cc">
      <Filter>Source Files</Filter>
    </ClCompile>
    <ClCompile Include="improbable\spatialos\playerauth\v2\playerauth.grpc.pb.cc">
      <Filter>Source Files</Filter>
    </ClCompile>
    <ClCompile Include="improbable\spatialos\playerauth\v2\playerauth.pb.cc">
      <Filter>Source Files</Filter>
    </ClCompile>
    <ClCompile Include="improbable\spatialos\serviceaccount\v1alpha1\serviceaccount.grpc.pb.cc">
      <Filter>Source Files</Filter>
    </ClCompile>
    <ClCompile Include="improbable\spatialos\serviceaccount\v1alpha1\serviceaccount.pb.cc">
      <Filter>Source Files</Filter>
    </ClCompile>
    <ClCompile Include="improbable\spatialos\snapshot\v1alpha1\snapshot.grpc.pb.cc">
      <Filter>Source Files</Filter>
    </ClCompile>
    <ClCompile Include="improbable\spatialos\snapshot\v1alpha1\snapshot.pb.cc">
      <Filter>Source Files</Filter>
    </ClCompile>
    <ClCompile Include="AsyncSample.cpp">
      <Filter>Source Files</Filter>
    </ClCompile>
  </ItemGroup>
  <ItemGroup>
    <ClInclude Include="github.com\improbable\protoc-gen-gocli\cli.pb.h">
      <Filter>Header Files</Filter>
    </ClInclude>
    <ClInclude Include="github.com\improbable-io\go-proto-logfields\logfields.pb.h">
      <Filter>Header Files</Filter>
    </ClInclude>
    <ClInclude Include="github.com\mwitkow\go-proto-validators\validator.pb.h">
      <Filter>Header Files</Filter>
    </ClInclude>
    <ClInclude Include="google\api\annotations.pb.h">
      <Filter>Header Files</Filter>
    </ClInclude>
    <ClInclude Include="google\api\client.pb.h">
      <Filter>Header Files</Filter>
    </ClInclude>
    <ClInclude Include="google\api\field_behavior.pb.h">
      <Filter>Header Files</Filter>
    </ClInclude>
    <ClInclude Include="google\api\http.pb.h">
      <Filter>Header Files</Filter>
    </ClInclude>
    <ClInclude Include="google\longrunning\operations.pb.h">
      <Filter>Header Files</Filter>
    </ClInclude>
    <ClInclude Include="google\rpc\status.pb.h">
      <Filter>Header Files</Filter>
    </ClInclude>
    <ClInclude Include="improbable\ext\plugin\auth\perms.pb.h">
      <Filter>Header Files</Filter>
    </ClInclude>
    <ClInclude Include="improbable\spatialos\deployment\v1alpha1\deployment.grpc.pb.h">
      <Filter>Header Files</Filter>
    </ClInclude>
    <ClInclude Include="improbable\spatialos\deployment\v1alpha1\deployment.pb.h">
      <Filter>Header Files</Filter>
    </ClInclude>
    <ClInclude Include="improbable\spatialos\playerauth\v2\playerauth.grpc.pb.h">
      <Filter>Header Files</Filter>
    </ClInclude>
    <ClInclude Include="improbable\spatialos\playerauth\v2\playerauth.pb.h">
      <Filter>Header Files</Filter>
    </ClInclude>
    <ClInclude Include="improbable\spatialos\serviceaccount\v1alpha1\serviceaccount.grpc.pb.h">
      <Filter>Header Files</Filter>
    </ClInclude>
    <ClInclude Include="improbable\spatialos\serviceaccount\v1alpha1\serviceaccount.pb.h">
      <Filter>Header Files</Filter>
    </ClInclude>
    <ClInclude Include="improbable\spatialos\snapshot\v1alpha1\snapshot.grpc.pb.h">
      <Filter>Header Files</Filter>
    </ClInclude>
    <ClInclude Include="improbable\spatialos\snapshot\v1alpha1\snapshot.pb.h">
      <Filter>Header Files</Filter>
    </ClInclude>
  </ItemGroup>
</Project>